
Microsoft Visual Studio Solution File, Format Version 12.00
# Visual Studio Version 17
VisualStudioVersion = 17.13.35605.110
MinimumVisualStudioVersion = 10.0.40219.1
Project("{FAE04EC0-301F-11D3-BF4B-00C04F79EFBC}") = "SummyAITelegramBot.API", "SummyAITelegramBot.API\SummyAITelegramBot.API.csproj", "{A98BAB78-5740-40B2-B757-DF22F23836E7}"
EndProject
Project("{FAE04EC0-301F-11D3-BF4B-00C04F79EFBC}") = "SummyAITelegramBot.Core", "SummyAITelegramBot.Core\SummyAITelegramBot.Core.csproj", "{D0BAEAC5-5D78-4D45-8353-E1677CB5F360}"
EndProject
Global
	GlobalSection(SolutionConfigurationPlatforms) = preSolution
		Debug|Any CPU = Debug|Any CPU
		Release|Any CPU = Release|Any CPU
	EndGlobalSection
	GlobalSection(ProjectConfigurationPlatforms) = postSolution
		{A98BAB78-5740-40B2-B757-DF22F23836E7}.Debug|Any CPU.ActiveCfg = Debug|Any CPU
		{A98BAB78-5740-40B2-B757-DF22F23836E7}.Debug|Any CPU.Build.0 = Debug|Any CPU
		{A98BAB78-5740-40B2-B757-DF22F23836E7}.Release|Any CPU.ActiveCfg = Release|Any CPU
		{A98BAB78-5740-40B2-B757-DF22F23836E7}.Release|Any CPU.Build.0 = Release|Any CPU
		{D0BAEAC5-5D78-4D45-8353-E1677CB5F360}.Debug|Any CPU.ActiveCfg = Debug|Any CPU
		{D0BAEAC5-5D78-4D45-8353-E1677CB5F360}.Debug|Any CPU.Build.0 = Debug|Any CPU
		{D0BAEAC5-5D78-4D45-8353-E1677CB5F360}.Release|Any CPU.ActiveCfg = Release|Any CPU
		{D0BAEAC5-5D78-4D45-8353-E1677CB5F360}.Release|Any CPU.Build.0 = Release|Any CPU
	EndGlobalSection
	GlobalSection(SolutionProperties) = preSolution
		HideSolutionNode = FALSE
	EndGlobalSection
	GlobalSection(ExtensibilityGlobals) = postSolution
		SolutionGuid = {659E5FAF-E8C0-4109-BC02-9A3B81F1CCC1}
	EndGlobalSection
EndGlobal
